
Microsoft Visual Studio Solution File, Format Version 12.00
# Visual Studio Version 16
VisualStudioVersion = 16.0.29409.12
MinimumVisualStudioVersion = 10.0.40219.1
Project("{9A19103F-16F7-4668-BE54-9A1E7A4F7556}") = "EscapeFromDarkForest", "DungeonCrawler\EscapeFromDarkForest.csproj", "{76B8A47E-AE07-44BE-9E34-D8FDA7DDA430}"
EndProject
Global
	GlobalSection(SolutionConfigurationPlatforms) = preSolution
		Debug|Any CPU = Debug|Any CPU
		Release|Any CPU = Release|Any CPU
	EndGlobalSection
	GlobalSection(ProjectConfigurationPlatforms) = postSolution
		{76B8A47E-AE07-44BE-9E34-D8FDA7DDA430}.Debug|Any CPU.ActiveCfg = Debug|Any CPU
		{76B8A47E-AE07-44BE-9E34-D8FDA7DDA430}.Debug|Any CPU.Build.0 = Debug|Any CPU
		{76B8A47E-AE07-44BE-9E34-D8FDA7DDA430}.Release|Any CPU.ActiveCfg = Release|Any CPU
		{76B8A47E-AE07-44BE-9E34-D8FDA7DDA430}.Release|Any CPU.Build.0 = Release|Any CPU
	EndGlobalSection
	GlobalSection(SolutionProperties) = preSolution
		HideSolutionNode = FALSE
	EndGlobalSection
	GlobalSection(ExtensibilityGlobals) = postSolution
		SolutionGuid = {ABDC0B72-36E6-46C6-ACB8-822AF7FC1911}
	EndGlobalSection
EndGlobal
